
Microsoft Visual Studio Solution File, Format Version 12.00
# Visual Studio Version 17
VisualStudioVersion = 17.14.36518.9 d17.14
MinimumVisualStudioVersion = 10.0.40219.1
Project("{FAE04EC0-301F-11D3-BF4B-00C04F79EFBC}") = "ScamWarning", "ScamWarning.csproj", "{F9EF2225-5D98-4BF9-8D4B-C22339D7B717}"
EndProject
Global
	GlobalSection(SolutionConfigurationPlatforms) = preSolution
		Debug|Any CPU = Debug|Any CPU
		Release|Any CPU = Release|Any CPU
	EndGlobalSection
	GlobalSection(ProjectConfigurationPlatforms) = postSolution
		{F9EF2225-5D98-4BF9-8D4B-C22339D7B717}.Debug|Any CPU.ActiveCfg = Debug|Any CPU
		{F9EF2225-5D98-4BF9-8D4B-C22339D7B717}.Debug|Any CPU.Build.0 = Debug|Any CPU
		{F9EF2225-5D98-4BF9-8D4B-C22339D7B717}.Release|Any CPU.ActiveCfg = Release|Any CPU
		{F9EF2225-5D98-4BF9-8D4B-C22339D7B717}.Release|Any CPU.Build.0 = Release|Any CPU
	EndGlobalSection
	GlobalSection(SolutionProperties) = preSolution
		HideSolutionNode = FALSE
	EndGlobalSection
	GlobalSection(ExtensibilityGlobals) = postSolution
		SolutionGuid = {28134E55-3104-4828-94C0-1FCF66F0AE29}
	EndGlobalSection
EndGlobal
